
Microsoft Visual Studio Solution File, Format Version 12.00
# Visual Studio Version 16
VisualStudioVersion = 16.0.29102.190
MinimumVisualStudioVersion = 10.0.40219.1
Project("{FAE04EC0-301F-11D3-BF4B-00C04F79EFBC}") = "Cqrs.Example.Core", "..\src\Cqrs.Example.Core\Cqrs.Example.Core.csproj", "{7AC9CE8A-91CC-4D09-890E-A86C233507FB}"
EndProject
Project("{FAE04EC0-301F-11D3-BF4B-00C04F79EFBC}") = "Cqrs.Example.Infrastructure.Data", "..\src\Cqrs.Example.Infrastructure.Data\Cqrs.Example.Infrastructure.Data.csproj", "{0DD2DBC1-5F48-4C6B-972B-7A0BDA5B142F}"
EndProject
Project("{FAE04EC0-301F-11D3-BF4B-00C04F79EFBC}") = "Cqrs.Example.Infrastructure.Ioc", "..\src\Cqrs.Example.Infrastructure.Ioc\Cqrs.Example.Infrastructure.Ioc.csproj", "{B44107D1-2894-4C27-976E-3B6BFE67653E}"
EndProject
Project("{FAE04EC0-301F-11D3-BF4B-00C04F79EFBC}") = "Cqrs.Example.ConsoleApp", "..\src\Cqrs.Example.ConsoleApp\Cqrs.Example.ConsoleApp.csproj", "{3527152F-8816-478C-B840-E96D2E1F0B68}"
EndProject
Global
	GlobalSection(SolutionConfigurationPlatforms) = preSolution
		Debug|Any CPU = Debug|Any CPU
		Release|Any CPU = Release|Any CPU
	EndGlobalSection
	GlobalSection(ProjectConfigurationPlatforms) = postSolution
		{7AC9CE8A-91CC-4D09-890E-A86C233507FB}.Debug|Any CPU.ActiveCfg = Debug|Any CPU
		{7AC9CE8A-91CC-4D09-890E-A86C233507FB}.Debug|Any CPU.Build.0 = Debug|Any CPU
		{7AC9CE8A-91CC-4D09-890E-A86C233507FB}.Release|Any CPU.ActiveCfg = Release|Any CPU
		{7AC9CE8A-91CC-4D09-890E-A86C233507FB}.Release|Any CPU.Build.0 = Release|Any CPU
		{0DD2DBC1-5F48-4C6B-972B-7A0BDA5B142F}.Debug|Any CPU.ActiveCfg = Debug|Any CPU
		{0DD2DBC1-5F48-4C6B-972B-7A0BDA5B142F}.Debug|Any CPU.Build.0 = Debug|Any CPU
		{0DD2DBC1-5F48-4C6B-972B-7A0BDA5B142F}.Release|Any CPU.ActiveCfg = Release|Any CPU
		{0DD2DBC1-5F48-4C6B-972B-7A0BDA5B142F}.Release|Any CPU.Build.0 = Release|Any CPU
		{B44107D1-2894-4C27-976E-3B6BFE67653E}.Debug|Any CPU.ActiveCfg = Debug|Any CPU
		{B44107D1-2894-4C27-976E-3B6BFE67653E}.Debug|Any CPU.Build.0 = Debug|Any CPU
		{B44107D1-2894-4C27-976E-3B6BFE67653E}.Release|Any CPU.ActiveCfg = Release|Any CPU
		{B44107D1-2894-4C27-976E-3B6BFE67653E}.Release|Any CPU.Build.0 = Release|Any CPU
		{3527152F-8816-478C-B840-E96D2E1F0B68}.Debug|Any CPU.ActiveCfg = Debug|Any CPU
		{3527152F-8816-478C-B840-E96D2E1F0B68}.Debug|Any CPU.Build.0 = Debug|Any CPU
		{3527152F-8816-478C-B840-E96D2E1F0B68}.Release|Any CPU.ActiveCfg = Release|Any CPU
		{3527152F-8816-478C-B840-E96D2E1F0B68}.Release|Any CPU.Build.0 = Release|Any CPU
	EndGlobalSection
	GlobalSection(SolutionProperties) = preSolution
		HideSolutionNode = FALSE
	EndGlobalSection
	GlobalSection(ExtensibilityGlobals) = postSolution
		SolutionGuid = {57A4C189-6D7C-41EA-A826-D4DFDAA82CE1}
	EndGlobalSection
EndGlobal
